// !$*UTF8*$!
{
	archiveVersion = 1;
	classes = {
	};
	objectVersion = 56;
	objects = {

/* Begin PBXBuildFile section */
		56D4FC24294E91C5004E4998 /* VIprofileViewController.swift in Sources */ = {isa = PBXBuildFile; fileRef = 56D4FC23294E91C5004E4998 /* VIprofileViewController.swift */; };
		56D4FC26294E9749004E4998 /* CGprofileViewController.swift in Sources */ = {isa = PBXBuildFile; fileRef = 56D4FC25294E9749004E4998 /* CGprofileViewController.swift */; };
		5705FA46295459D300E37FD5 /* NavigationViewController.swift in Sources */ = {isa = PBXBuildFile; fileRef = 5705FA45295459D300E37FD5 /* NavigationViewController.swift */; };
		574E708E2955EE570064C5FB /* AskForHelpViewController.swift in Sources */ = {isa = PBXBuildFile; fileRef = 574E708D2955EE570064C5FB /* AskForHelpViewController.swift */; };
		574E709029563E150064C5FB /* CustomTableViewCell.swift in Sources */ = {isa = PBXBuildFile; fileRef = 574E708F29563E150064C5FB /* CustomTableViewCell.swift */; };
		574E709229565FC30064C5FB /* CGHelpRequestsViewController.swift in Sources */ = {isa = PBXBuildFile; fileRef = 574E709129565FC20064C5FB /* CGHelpRequestsViewController.swift */; };
		57C9B20A2954651C000A60D7 /* EstimoteUWB.xcframework in Frameworks */ = {isa = PBXBuildFile; fileRef = 5705FA4329544A0300E37FD5 /* EstimoteUWB.xcframework */; };
		57C9B20B2954651C000A60D7 /* EstimoteUWB.xcframework in Embed Frameworks */ = {isa = PBXBuildFile; fileRef = 5705FA4329544A0300E37FD5 /* EstimoteUWB.xcframework */; settings = {ATTRIBUTES = (CodeSignOnCopy, RemoveHeadersOnCopy, ); }; };
		57C9B20E29546F80000A60D7 /* ContactViewController.swift in Sources */ = {isa = PBXBuildFile; fileRef = 57C9B20D29546F7F000A60D7 /* ContactViewController.swift */; };
		57C9B2102954806F000A60D7 /* CGHomePageViewController.swift in Sources */ = {isa = PBXBuildFile; fileRef = 57C9B20F2954806E000A60D7 /* CGHomePageViewController.swift */; };
		57C9B21329548F5B000A60D7 /* User.swift in Sources */ = {isa = PBXBuildFile; fileRef = 57C9B21229548F5B000A60D7 /* User.swift */; };
		57D7AE222943D83B00EAEAB5 /* AppDelegate.swift in Sources */ = {isa = PBXBuildFile; fileRef = 57D7AE212943D83B00EAEAB5 /* AppDelegate.swift */; };
		57D7AE242943D83B00EAEAB5 /* SceneDelegate.swift in Sources */ = {isa = PBXBuildFile; fileRef = 57D7AE232943D83B00EAEAB5 /* SceneDelegate.swift */; };
		57D7AE262943D83B00EAEAB5 /* LoginViewController.swift in Sources */ = {isa = PBXBuildFile; fileRef = 57D7AE252943D83B00EAEAB5 /* LoginViewController.swift */; };
		57D7AE292943D83B00EAEAB5 /* Main.storyboard in Resources */ = {isa = PBXBuildFile; fileRef = 57D7AE272943D83B00EAEAB5 /* Main.storyboard */; };
		57D7AE2B2943D83D00EAEAB5 /* Assets.xcassets in Resources */ = {isa = PBXBuildFile; fileRef = 57D7AE2A2943D83D00EAEAB5 /* Assets.xcassets */; };
		57D7AE2E2943D83D00EAEAB5 /* LaunchScreen.storyboard in Resources */ = {isa = PBXBuildFile; fileRef = 57D7AE2C2943D83D00EAEAB5 /* LaunchScreen.storyboard */; };
		57D7AE392943D83D00EAEAB5 /* DollaniTests.swift in Sources */ = {isa = PBXBuildFile; fileRef = 57D7AE382943D83D00EAEAB5 /* DollaniTests.swift */; };
		57D7AE432943D83D00EAEAB5 /* DollaniUITests.swift in Sources */ = {isa = PBXBuildFile; fileRef = 57D7AE422943D83D00EAEAB5 /* DollaniUITests.swift */; };
		57D7AE452943D83D00EAEAB5 /* DollaniUITestsLaunchTests.swift in Sources */ = {isa = PBXBuildFile; fileRef = 57D7AE442943D83D00EAEAB5 /* DollaniUITestsLaunchTests.swift */; };
		57D7AE532943DB0900EAEAB5 /* SignupViewController.swift in Sources */ = {isa = PBXBuildFile; fileRef = 57D7AE522943DB0900EAEAB5 /* SignupViewController.swift */; };
		57D7AE552943E5F300EAEAB5 /* SelectionViewController.swift in Sources */ = {isa = PBXBuildFile; fileRef = 57D7AE542943E5F300EAEAB5 /* SelectionViewController.swift */; };
		57D7AE572943E7DF00EAEAB5 /* GoogleService-Info.plist in Resources */ = {isa = PBXBuildFile; fileRef = 57D7AE562943E7DE00EAEAB5 /* GoogleService-Info.plist */; };
		57E8D22629454FE600B26DDC /* FirebaseAuth in Frameworks */ = {isa = PBXBuildFile; productRef = 57E8D22529454FE600B26DDC /* FirebaseAuth */; };
		57E8D22829454FE600B26DDC /* FirebaseDatabase in Frameworks */ = {isa = PBXBuildFile; productRef = 57E8D22729454FE600B26DDC /* FirebaseDatabase */; };
		57E8D22A29454FE600B26DDC /* FirebaseDatabaseSwift in Frameworks */ = {isa = PBXBuildFile; productRef = 57E8D22929454FE600B26DDC /* FirebaseDatabaseSwift */; };
		57E8D22C29454FE600B26DDC /* FirebaseFirestore in Frameworks */ = {isa = PBXBuildFile; productRef = 57E8D22B29454FE600B26DDC /* FirebaseFirestore */; };
		57E8D22E29454FE600B26DDC /* FirebaseFirestoreSwift in Frameworks */ = {isa = PBXBuildFile; productRef = 57E8D22D29454FE600B26DDC /* FirebaseFirestoreSwift */; };
		57E8D23029454FE600B26DDC /* FirebaseFunctions in Frameworks */ = {isa = PBXBuildFile; productRef = 57E8D22F29454FE600B26DDC /* FirebaseFunctions */; };
		57E8D23229454FE600B26DDC /* FirebaseMessaging in Frameworks */ = {isa = PBXBuildFile; productRef = 57E8D23129454FE600B26DDC /* FirebaseMessaging */; };
		57E8D23429454FE600B26DDC /* FirebaseStorage in Frameworks */ = {isa = PBXBuildFile; productRef = 57E8D23329454FE600B26DDC /* FirebaseStorage */; };
		57E8D236294A2B6800B26DDC /* VIHomePageViewController.swift in Sources */ = {isa = PBXBuildFile; fileRef = 57E8D235294A2B6800B26DDC /* VIHomePageViewController.swift */; };
		79387F9D294F3D3F009DE768 /* ForgetPassViewController.swift in Sources */ = {isa = PBXBuildFile; fileRef = 79387F9C294F3D3F009DE768 /* ForgetPassViewController.swift */; };
		8BF2D74E294BCDB900DEAB42 /* CGcontainerViewController.swift in Sources */ = {isa = PBXBuildFile; fileRef = 8BF2D74D294BCDB900DEAB42 /* CGcontainerViewController.swift */; };
		8BF2D750294BCDE500DEAB42 /* VIcontainerViewController.swift in Sources */ = {isa = PBXBuildFile; fileRef = 8BF2D74F294BCDE500DEAB42 /* VIcontainerViewController.swift */; };
/* End PBXBuildFile section */

/* Begin PBXContainerItemProxy section */
		57D7AE352943D83D00EAEAB5 /* PBXContainerItemProxy */ = {
			isa = PBXContainerItemProxy;
			containerPortal = 57D7AE162943D83B00EAEAB5 /* Project object */;
			proxyType = 1;
			remoteGlobalIDString = 57D7AE1D2943D83B00EAEAB5;
			remoteInfo = Dollani;
		};
		57D7AE3F2943D83D00EAEAB5 /* PBXContainerItemProxy */ = {
			isa = PBXContainerItemProxy;
			containerPortal = 57D7AE162943D83B00EAEAB5 /* Project object */;
			proxyType = 1;
			remoteGlobalIDString = 57D7AE1D2943D83B00EAEAB5;
			remoteInfo = Dollani;
		};
/* End PBXContainerItemProxy section */

/* Begin PBXCopyFilesBuildPhase section */
		57C9B20C2954651C000A60D7 /* Embed Frameworks */ = {
			isa = PBXCopyFilesBuildPhase;
			buildActionMask = 2147483647;
			dstPath = "";
			dstSubfolderSpec = 10;
			files = (
				57C9B20B2954651C000A60D7 /* EstimoteUWB.xcframework in Embed Frameworks */,
			);
			name = "Embed Frameworks";
			runOnlyForDeploymentPostprocessing = 0;
		};
/* End PBXCopyFilesBuildPhase section */

/* Begin PBXFileReference section */
		56D4FC23294E91C5004E4998 /* VIprofileViewController.swift */ = {isa = PBXFileReference; lastKnownFileType = sourcecode.swift; path = VIprofileViewController.swift; sourceTree = "<group>"; };
		56D4FC25294E9749004E4998 /* CGprofileViewController.swift */ = {isa = PBXFileReference; lastKnownFileType = sourcecode.swift; path = CGprofileViewController.swift; sourceTree = "<group>"; };
		5705FA4329544A0300E37FD5 /* EstimoteUWB.xcframework */ = {isa = PBXFileReference; lastKnownFileType = wrapper.xcframework; name = EstimoteUWB.xcframework; path = ../../../Desktop/framework/EstimoteUWB.xcframework; sourceTree = "<group>"; };
		5705FA45295459D300E37FD5 /* NavigationViewController.swift */ = {isa = PBXFileReference; lastKnownFileType = sourcecode.swift; path = NavigationViewController.swift; sourceTree = "<group>"; };
		574E708D2955EE570064C5FB /* AskForHelpViewController.swift */ = {isa = PBXFileReference; lastKnownFileType = sourcecode.swift; path = AskForHelpViewController.swift; sourceTree = "<group>"; };
		574E708F29563E150064C5FB /* CustomTableViewCell.swift */ = {isa = PBXFileReference; lastKnownFileType = sourcecode.swift; path = CustomTableViewCell.swift; sourceTree = "<group>"; };
		574E709129565FC20064C5FB /* CGHelpRequestsViewController.swift */ = {isa = PBXFileReference; lastKnownFileType = sourcecode.swift; path = CGHelpRequestsViewController.swift; sourceTree = "<group>"; };
		57C9B20D29546F7F000A60D7 /* ContactViewController.swift */ = {isa = PBXFileReference; lastKnownFileType = sourcecode.swift; path = ContactViewController.swift; sourceTree = "<group>"; };
		57C9B20F2954806E000A60D7 /* CGHomePageViewController.swift */ = {isa = PBXFileReference; lastKnownFileType = sourcecode.swift; path = CGHomePageViewController.swift; sourceTree = "<group>"; };
		57C9B21229548F5B000A60D7 /* User.swift */ = {isa = PBXFileReference; lastKnownFileType = sourcecode.swift; path = User.swift; sourceTree = "<group>"; };
		57D7AE1E2943D83B00EAEAB5 /* Dollani.app */ = {isa = PBXFileReference; explicitFileType = wrapper.application; includeInIndex = 0; path = Dollani.app; sourceTree = BUILT_PRODUCTS_DIR; };
		57D7AE212943D83B00EAEAB5 /* AppDelegate.swift */ = {isa = PBXFileReference; lastKnownFileType = sourcecode.swift; path = AppDelegate.swift; sourceTree = "<group>"; };
		57D7AE232943D83B00EAEAB5 /* SceneDelegate.swift */ = {isa = PBXFileReference; lastKnownFileType = sourcecode.swift; path = SceneDelegate.swift; sourceTree = "<group>"; };
		57D7AE252943D83B00EAEAB5 /* LoginViewController.swift */ = {isa = PBXFileReference; lastKnownFileType = sourcecode.swift; path = LoginViewController.swift; sourceTree = "<group>"; };
		57D7AE282943D83B00EAEAB5 /* Base */ = {isa = PBXFileReference; lastKnownFileType = file.storyboard; name = Base; path = Base.lproj/Main.storyboard; sourceTree = "<group>"; };
		57D7AE2A2943D83D00EAEAB5 /* Assets.xcassets */ = {isa = PBXFileReference; lastKnownFileType = folder.assetcatalog; path = Assets.xcassets; sourceTree = "<group>"; };
		57D7AE2D2943D83D00EAEAB5 /* Base */ = {isa = PBXFileReference; lastKnownFileType = file.storyboard; name = Base; path = Base.lproj/LaunchScreen.storyboard; sourceTree = "<group>"; };
		57D7AE2F2943D83D00EAEAB5 /* Info.plist */ = {isa = PBXFileReference; lastKnownFileType = text.plist.xml; path = Info.plist; sourceTree = "<group>"; };
		57D7AE342943D83D00EAEAB5 /* DollaniTests.xctest */ = {isa = PBXFileReference; explicitFileType = wrapper.cfbundle; includeInIndex = 0; path = DollaniTests.xctest; sourceTree = BUILT_PRODUCTS_DIR; };
		57D7AE382943D83D00EAEAB5 /* DollaniTests.swift */ = {isa = PBXFileReference; lastKnownFileType = sourcecode.swift; path = DollaniTests.swift; sourceTree = "<group>"; };
		57D7AE3E2943D83D00EAEAB5 /* DollaniUITests.xctest */ = {isa = PBXFileReference; explicitFileType = wrapper.cfbundle; includeInIndex = 0; path = DollaniUITests.xctest; sourceTree = BUILT_PRODUCTS_DIR; };
		57D7AE422943D83D00EAEAB5 /* DollaniUITests.swift */ = {isa = PBXFileReference; lastKnownFileType = sourcecode.swift; path = DollaniUITests.swift; sourceTree = "<group>"; };
		57D7AE442943D83D00EAEAB5 /* DollaniUITestsLaunchTests.swift */ = {isa = PBXFileReference; lastKnownFileType = sourcecode.swift; path = DollaniUITestsLaunchTests.swift; sourceTree = "<group>"; };
		57D7AE522943DB0900EAEAB5 /* SignupViewController.swift */ = {isa = PBXFileReference; lastKnownFileType = sourcecode.swift; path = SignupViewController.swift; sourceTree = "<group>"; };
		57D7AE542943E5F300EAEAB5 /* SelectionViewController.swift */ = {isa = PBXFileReference; lastKnownFileType = sourcecode.swift; path = SelectionViewController.swift; sourceTree = "<group>"; };
		57D7AE562943E7DE00EAEAB5 /* GoogleService-Info.plist */ = {isa = PBXFileReference; fileEncoding = 4; lastKnownFileType = text.plist.xml; path = "GoogleService-Info.plist"; sourceTree = "<group>"; };
		57E8D235294A2B6800B26DDC /* VIHomePageViewController.swift */ = {isa = PBXFileReference; lastKnownFileType = sourcecode.swift; path = VIHomePageViewController.swift; sourceTree = "<group>"; };
		79387F9C294F3D3F009DE768 /* ForgetPassViewController.swift */ = {isa = PBXFileReference; lastKnownFileType = sourcecode.swift; path = ForgetPassViewController.swift; sourceTree = "<group>"; };
		8BF2D74D294BCDB900DEAB42 /* CGcontainerViewController.swift */ = {isa = PBXFileReference; lastKnownFileType = sourcecode.swift; path = CGcontainerViewController.swift; sourceTree = "<group>"; };
		8BF2D74F294BCDE500DEAB42 /* VIcontainerViewController.swift */ = {isa = PBXFileReference; lastKnownFileType = sourcecode.swift; path = VIcontainerViewController.swift; sourceTree = "<group>"; };
/* End PBXFileReference section */

/* Begin PBXFrameworksBuildPhase section */
		57D7AE1B2943D83B00EAEAB5 /* Frameworks */ = {
			isa = PBXFrameworksBuildPhase;
			buildActionMask = 2147483647;
			files = (
				57E8D22E29454FE600B26DDC /* FirebaseFirestoreSwift in Frameworks */,
				57C9B20A2954651C000A60D7 /* EstimoteUWB.xcframework in Frameworks */,
				57E8D22A29454FE600B26DDC /* FirebaseDatabaseSwift in Frameworks */,
				57E8D23229454FE600B26DDC /* FirebaseMessaging in Frameworks */,
				57E8D22C29454FE600B26DDC /* FirebaseFirestore in Frameworks */,
				57E8D23029454FE600B26DDC /* FirebaseFunctions in Frameworks */,
				57E8D23429454FE600B26DDC /* FirebaseStorage in Frameworks */,
				57E8D22829454FE600B26DDC /* FirebaseDatabase in Frameworks */,
				57E8D22629454FE600B26DDC /* FirebaseAuth in Frameworks */,
			);
			runOnlyForDeploymentPostprocessing = 0;
		};
		57D7AE312943D83D00EAEAB5 /* Frameworks */ = {
			isa = PBXFrameworksBuildPhase;
			buildActionMask = 2147483647;
			files = (
			);
			runOnlyForDeploymentPostprocessing = 0;
		};
		57D7AE3B2943D83D00EAEAB5 /* Frameworks */ = {
			isa = PBXFrameworksBuildPhase;
			buildActionMask = 2147483647;
			files = (
			);
			runOnlyForDeploymentPostprocessing = 0;
		};
/* End PBXFrameworksBuildPhase section */

/* Begin PBXGroup section */
		5705FA4229544A0300E37FD5 /* Frameworks */ = {
			isa = PBXGroup;
			children = (
				5705FA4329544A0300E37FD5 /* EstimoteUWB.xcframework */,
			);
			name = Frameworks;
			sourceTree = "<group>";
		};
		57C9B21129548F31000A60D7 /* Model */ = {
			isa = PBXGroup;
			children = (
				57C9B21229548F5B000A60D7 /* User.swift */,
			);
			path = Model;
			sourceTree = "<group>";
		};
		57D7AE152943D83B00EAEAB5 = {
			isa = PBXGroup;
			children = (
				57D7AE202943D83B00EAEAB5 /* Dollani */,
				57D7AE372943D83D00EAEAB5 /* DollaniTests */,
				57D7AE412943D83D00EAEAB5 /* DollaniUITests */,
				57D7AE1F2943D83B00EAEAB5 /* Products */,
				5705FA4229544A0300E37FD5 /* Frameworks */,
			);
			sourceTree = "<group>";
		};
		57D7AE1F2943D83B00EAEAB5 /* Products */ = {
			isa = PBXGroup;
			children = (
				57D7AE1E2943D83B00EAEAB5 /* Dollani.app */,
				57D7AE342943D83D00EAEAB5 /* DollaniTests.xctest */,
				57D7AE3E2943D83D00EAEAB5 /* DollaniUITests.xctest */,
			);
			name = Products;
			sourceTree = "<group>";
		};
		57D7AE202943D83B00EAEAB5 /* Dollani */ = {
			isa = PBXGroup;
			children = (
				57D7AE212943D83B00EAEAB5 /* AppDelegate.swift */,
				57D7AE232943D83B00EAEAB5 /* SceneDelegate.swift */,
				57C9B21129548F31000A60D7 /* Model */,
				57D7AE512943DABC00EAEAB5 /* View */,
				57D7AE272943D83B00EAEAB5 /* Main.storyboard */,
				57D7AE2C2943D83D00EAEAB5 /* LaunchScreen.storyboard */,
				57D7AE2A2943D83D00EAEAB5 /* Assets.xcassets */,
				57D7AE2F2943D83D00EAEAB5 /* Info.plist */,
				57D7AE562943E7DE00EAEAB5 /* GoogleService-Info.plist */,
			);
			path = Dollani;
			sourceTree = "<group>";
		};
		57D7AE372943D83D00EAEAB5 /* DollaniTests */ = {
			isa = PBXGroup;
			children = (
				57D7AE382943D83D00EAEAB5 /* DollaniTests.swift */,
			);
			path = DollaniTests;
			sourceTree = "<group>";
		};
		57D7AE412943D83D00EAEAB5 /* DollaniUITests */ = {
			isa = PBXGroup;
			children = (
				57D7AE422943D83D00EAEAB5 /* DollaniUITests.swift */,
				57D7AE442943D83D00EAEAB5 /* DollaniUITestsLaunchTests.swift */,
			);
			path = DollaniUITests;
			sourceTree = "<group>";
		};
		57D7AE512943DABC00EAEAB5 /* View */ = {
			isa = PBXGroup;
			children = (
				57D7AE542943E5F300EAEAB5 /* SelectionViewController.swift */,
				57D7AE252943D83B00EAEAB5 /* LoginViewController.swift */,
				57D7AE522943DB0900EAEAB5 /* SignupViewController.swift */,
				56D4FC23294E91C5004E4998 /* VIprofileViewController.swift */,
				56D4FC25294E9749004E4998 /* CGprofileViewController.swift */,
				57E8D235294A2B6800B26DDC /* VIHomePageViewController.swift */,
				57C9B20F2954806E000A60D7 /* CGHomePageViewController.swift */,
				8BF2D74F294BCDE500DEAB42 /* VIcontainerViewController.swift */,
				8BF2D74D294BCDB900DEAB42 /* CGcontainerViewController.swift */,
				79387F9C294F3D3F009DE768 /* ForgetPassViewController.swift */,
				5705FA45295459D300E37FD5 /* NavigationViewController.swift */,
				57C9B20D29546F7F000A60D7 /* ContactViewController.swift */,
				574E708D2955EE570064C5FB /* AskForHelpViewController.swift */,
				574E708F29563E150064C5FB /* CustomTableViewCell.swift */,
				574E709129565FC20064C5FB /* CGHelpRequestsViewController.swift */,
			);
			path = View;
			sourceTree = "<group>";
		};
/* End PBXGroup section */

/* Begin PBXNativeTarget section */
		57D7AE1D2943D83B00EAEAB5 /* Dollani */ = {
			isa = PBXNativeTarget;
			buildConfigurationList = 57D7AE482943D83D00EAEAB5 /* Build configuration list for PBXNativeTarget "Dollani" */;
			buildPhases = (
				57D7AE1A2943D83B00EAEAB5 /* Sources */,
				57D7AE1B2943D83B00EAEAB5 /* Frameworks */,
				57D7AE1C2943D83B00EAEAB5 /* Resources */,
				57C9B20C2954651C000A60D7 /* Embed Frameworks */,
			);
			buildRules = (
			);
			dependencies = (
			);
			name = Dollani;
			packageProductDependencies = (
				57E8D22529454FE600B26DDC /* FirebaseAuth */,
				57E8D22729454FE600B26DDC /* FirebaseDatabase */,
				57E8D22929454FE600B26DDC /* FirebaseDatabaseSwift */,
				57E8D22B29454FE600B26DDC /* FirebaseFirestore */,
				57E8D22D29454FE600B26DDC /* FirebaseFirestoreSwift */,
				57E8D22F29454FE600B26DDC /* FirebaseFunctions */,
				57E8D23129454FE600B26DDC /* FirebaseMessaging */,
				57E8D23329454FE600B26DDC /* FirebaseStorage */,
			);
			productName = Dollani;
			productReference = 57D7AE1E2943D83B00EAEAB5 /* Dollani.app */;
			productType = "com.apple.product-type.application";
		};
		57D7AE332943D83D00EAEAB5 /* DollaniTests */ = {
			isa = PBXNativeTarget;
			buildConfigurationList = 57D7AE4B2943D83D00EAEAB5 /* Build configuration list for PBXNativeTarget "DollaniTests" */;
			buildPhases = (
				57D7AE302943D83D00EAEAB5 /* Sources */,
				57D7AE312943D83D00EAEAB5 /* Frameworks */,
				57D7AE322943D83D00EAEAB5 /* Resources */,
			);
			buildRules = (
			);
			dependencies = (
				57D7AE362943D83D00EAEAB5 /* PBXTargetDependency */,
			);
			name = DollaniTests;
			productName = DollaniTests;
			productReference = 57D7AE342943D83D00EAEAB5 /* DollaniTests.xctest */;
			productType = "com.apple.product-type.bundle.unit-test";
		};
		57D7AE3D2943D83D00EAEAB5 /* DollaniUITests */ = {
			isa = PBXNativeTarget;
			buildConfigurationList = 57D7AE4E2943D83D00EAEAB5 /* Build configuration list for PBXNativeTarget "DollaniUITests" */;
			buildPhases = (
				57D7AE3A2943D83D00EAEAB5 /* Sources */,
				57D7AE3B2943D83D00EAEAB5 /* Frameworks */,
				57D7AE3C2943D83D00EAEAB5 /* Resources */,
			);
			buildRules = (
			);
			dependencies = (
				57D7AE402943D83D00EAEAB5 /* PBXTargetDependency */,
			);
			name = DollaniUITests;
			productName = DollaniUITests;
			productReference = 57D7AE3E2943D83D00EAEAB5 /* DollaniUITests.xctest */;
			productType = "com.apple.product-type.bundle.ui-testing";
		};
/* End PBXNativeTarget section */

/* Begin PBXProject section */
		57D7AE162943D83B00EAEAB5 /* Project object */ = {
			isa = PBXProject;
			attributes = {
				BuildIndependentTargetsInParallel = 1;
				LastSwiftUpdateCheck = 1410;
				LastUpgradeCheck = 1410;
				TargetAttributes = {
					57D7AE1D2943D83B00EAEAB5 = {
						CreatedOnToolsVersion = 14.1;
					};
					57D7AE332943D83D00EAEAB5 = {
						CreatedOnToolsVersion = 14.1;
						TestTargetID = 57D7AE1D2943D83B00EAEAB5;
					};
					57D7AE3D2943D83D00EAEAB5 = {
						CreatedOnToolsVersion = 14.1;
						TestTargetID = 57D7AE1D2943D83B00EAEAB5;
					};
				};
			};
			buildConfigurationList = 57D7AE192943D83B00EAEAB5 /* Build configuration list for PBXProject "Dollani" */;
			compatibilityVersion = "Xcode 14.0";
			developmentRegion = en;
			hasScannedForEncodings = 0;
			knownRegions = (
				en,
				Base,
			);
			mainGroup = 57D7AE152943D83B00EAEAB5;
			packageReferences = (
				57E8D22429454FE600B26DDC /* XCRemoteSwiftPackageReference "firebase-ios-sdk" */,
			);
			productRefGroup = 57D7AE1F2943D83B00EAEAB5 /* Products */;
			projectDirPath = "";
			projectRoot = "";
			targets = (
				57D7AE1D2943D83B00EAEAB5 /* Dollani */,
				57D7AE332943D83D00EAEAB5 /* DollaniTests */,
				57D7AE3D2943D83D00EAEAB5 /* DollaniUITests */,
			);
		};
/* End PBXProject section */

/* Begin PBXResourcesBuildPhase section */
		57D7AE1C2943D83B00EAEAB5 /* Resources */ = {
			isa = PBXResourcesBuildPhase;
			buildActionMask = 2147483647;
			files = (
				57D7AE2E2943D83D00EAEAB5 /* LaunchScreen.storyboard in Resources */,
				57D7AE572943E7DF00EAEAB5 /* GoogleService-Info.plist in Resources */,
				57D7AE2B2943D83D00EAEAB5 /* Assets.xcassets in Resources */,
				57D7AE292943D83B00EAEAB5 /* Main.storyboard in Resources */,
			);
			runOnlyForDeploymentPostprocessing = 0;
		};
		57D7AE322943D83D00EAEAB5 /* Resources */ = {
			isa = PBXResourcesBuildPhase;
			buildActionMask = 2147483647;
			files = (
			);
			runOnlyForDeploymentPostprocessing = 0;
		};
		57D7AE3C2943D83D00EAEAB5 /* Resources */ = {
			isa = PBXResourcesBuildPhase;
			buildActionMask = 2147483647;
			files = (
			);
			runOnlyForDeploymentPostprocessing = 0;
		};
/* End PBXResourcesBuildPhase section */

/* Begin PBXSourcesBuildPhase section */
		57D7AE1A2943D83B00EAEAB5 /* Sources */ = {
			isa = PBXSourcesBuildPhase;
			buildActionMask = 2147483647;
			files = (
				57D7AE552943E5F300EAEAB5 /* SelectionViewController.swift in Sources */,
				5705FA46295459D300E37FD5 /* NavigationViewController.swift in Sources */,
				57C9B20E29546F80000A60D7 /* ContactViewController.swift in Sources */,
				574E709229565FC30064C5FB /* CGHelpRequestsViewController.swift in Sources */,
				57D7AE262943D83B00EAEAB5 /* LoginViewController.swift in Sources */,
				57D7AE222943D83B00EAEAB5 /* AppDelegate.swift in Sources */,
				8BF2D750294BCDE500DEAB42 /* VIcontainerViewController.swift in Sources */,
				57E8D236294A2B6800B26DDC /* VIHomePageViewController.swift in Sources */,
				574E708E2955EE570064C5FB /* AskForHelpViewController.swift in Sources */,
				8BF2D74E294BCDB900DEAB42 /* CGcontainerViewController.swift in Sources */,
				574E709029563E150064C5FB /* CustomTableViewCell.swift in Sources */,
				57C9B21329548F5B000A60D7 /* User.swift in Sources */,
				57D7AE532943DB0900EAEAB5 /* SignupViewController.swift in Sources */,
				79387F9D294F3D3F009DE768 /* ForgetPassViewController.swift in Sources */,
				57C9B2102954806F000A60D7 /* CGHomePageViewController.swift in Sources */,
				57D7AE242943D83B00EAEAB5 /* SceneDelegate.swift in Sources */,
				56D4FC26294E9749004E4998 /* CGprofileViewController.swift in Sources */,
				56D4FC24294E91C5004E4998 /* VIprofileViewController.swift in Sources */,
			);
			runOnlyForDeploymentPostprocessing = 0;
		};
		57D7AE302943D83D00EAEAB5 /* Sources */ = {
			isa = PBXSourcesBuildPhase;
			buildActionMask = 2147483647;
			files = (
				57D7AE392943D83D00EAEAB5 /* DollaniTests.swift in Sources */,
			);
			runOnlyForDeploymentPostprocessing = 0;
		};
		57D7AE3A2943D83D00EAEAB5 /* Sources */ = {
			isa = PBXSourcesBuildPhase;
			buildActionMask = 2147483647;
			files = (
				57D7AE452943D83D00EAEAB5 /* DollaniUITestsLaunchTests.swift in Sources */,
				57D7AE432943D83D00EAEAB5 /* DollaniUITests.swift in Sources */,
			);
			runOnlyForDeploymentPostprocessing = 0;
		};
/* End PBXSourcesBuildPhase section */

/* Begin PBXTargetDependency section */
		57D7AE362943D83D00EAEAB5 /* PBXTargetDependency */ = {
			isa = PBXTargetDependency;
			target = 57D7AE1D2943D83B00EAEAB5 /* Dollani */;
			targetProxy = 57D7AE352943D83D00EAEAB5 /* PBXContainerItemProxy */;
		};
		57D7AE402943D83D00EAEAB5 /* PBXTargetDependency */ = {
			isa = PBXTargetDependency;
			target = 57D7AE1D2943D83B00EAEAB5 /* Dollani */;
			targetProxy = 57D7AE3F2943D83D00EAEAB5 /* PBXContainerItemProxy */;
		};
/* End PBXTargetDependency section */

/* Begin PBXVariantGroup section */
		57D7AE272943D83B00EAEAB5 /* Main.storyboard */ = {
			isa = PBXVariantGroup;
			children = (
				57D7AE282943D83B00EAEAB5 /* Base */,
			);
			name = Main.storyboard;
			sourceTree = "<group>";
		};
		57D7AE2C2943D83D00EAEAB5 /* LaunchScreen.storyboard */ = {
			isa = PBXVariantGroup;
			children = (
				57D7AE2D2943D83D00EAEAB5 /* Base */,
			);
			name = LaunchScreen.storyboard;
			sourceTree = "<group>";
		};
/* End PBXVariantGroup section */

/* Begin XCBuildConfiguration section */
		57D7AE462943D83D00EAEAB5 /* Debug */ = {
			isa = XCBuildConfiguration;
			buildSettings = {
				ALWAYS_EMBED_SWIFT_STANDARD_LIBRARIES = YES;
				ALWAYS_SEARCH_USER_PATHS = NO;
				CLANG_ANALYZER_LOCALIZABILITY_NONLOCALIZED = YES;
				CLANG_ANALYZER_NONNULL = YES;
				CLANG_ANALYZER_NUMBER_OBJECT_CONVERSION = YES_AGGRESSIVE;
				CLANG_CXX_LANGUAGE_STANDARD = "gnu++20";
				CLANG_ENABLE_MODULES = YES;
				CLANG_ENABLE_OBJC_ARC = YES;
				CLANG_ENABLE_OBJC_WEAK = YES;
				CLANG_WARN_BLOCK_CAPTURE_AUTORELEASING = YES;
				CLANG_WARN_BOOL_CONVERSION = YES;
				CLANG_WARN_COMMA = YES;
				CLANG_WARN_CONSTANT_CONVERSION = YES;
				CLANG_WARN_DEPRECATED_OBJC_IMPLEMENTATIONS = YES;
				CLANG_WARN_DIRECT_OBJC_ISA_USAGE = YES_ERROR;
				CLANG_WARN_DOCUMENTATION_COMMENTS = YES;
				CLANG_WARN_EMPTY_BODY = YES;
				CLANG_WARN_ENUM_CONVERSION = YES;
				CLANG_WARN_INFINITE_RECURSION = YES;
				CLANG_WARN_INT_CONVERSION = YES;
				CLANG_WARN_NON_LITERAL_NULL_CONVERSION = YES;
				CLANG_WARN_OBJC_IMPLICIT_RETAIN_SELF = YES;
				CLANG_WARN_OBJC_LITERAL_CONVERSION = YES;
				CLANG_WARN_OBJC_ROOT_CLASS = YES_ERROR;
				CLANG_WARN_QUOTED_INCLUDE_IN_FRAMEWORK_HEADER = YES;
				CLANG_WARN_RANGE_LOOP_ANALYSIS = YES;
				CLANG_WARN_STRICT_PROTOTYPES = YES;
				CLANG_WARN_SUSPICIOUS_MOVE = YES;
				CLANG_WARN_UNGUARDED_AVAILABILITY = YES_AGGRESSIVE;
				CLANG_WARN_UNREACHABLE_CODE = YES;
				CLANG_WARN__DUPLICATE_METHOD_MATCH = YES;
				COPY_PHASE_STRIP = NO;
				DEBUG_INFORMATION_FORMAT = dwarf;
				ENABLE_STRICT_OBJC_MSGSEND = YES;
				ENABLE_TESTABILITY = YES;
				GCC_C_LANGUAGE_STANDARD = gnu11;
				GCC_DYNAMIC_NO_PIC = NO;
				GCC_NO_COMMON_BLOCKS = YES;
				GCC_OPTIMIZATION_LEVEL = 0;
				GCC_PREPROCESSOR_DEFINITIONS = (
					"DEBUG=1",
					"$(inherited)",
				);
				GCC_WARN_64_TO_32_BIT_CONVERSION = YES;
				GCC_WARN_ABOUT_RETURN_TYPE = YES_ERROR;
				GCC_WARN_UNDECLARED_SELECTOR = YES;
				GCC_WARN_UNINITIALIZED_AUTOS = YES_AGGRESSIVE;
				GCC_WARN_UNUSED_FUNCTION = YES;
				GCC_WARN_UNUSED_VARIABLE = YES;
				IPHONEOS_DEPLOYMENT_TARGET = 16.1;
				MTL_ENABLE_DEBUG_INFO = INCLUDE_SOURCE;
				MTL_FAST_MATH = YES;
				ONLY_ACTIVE_ARCH = YES;
				SDKROOT = iphoneos;
				SWIFT_ACTIVE_COMPILATION_CONDITIONS = DEBUG;
				SWIFT_OPTIMIZATION_LEVEL = "-Onone";
			};
			name = Debug;
		};
		57D7AE472943D83D00EAEAB5 /* Release */ = {
			isa = XCBuildConfiguration;
			buildSettings = {
				ALWAYS_EMBED_SWIFT_STANDARD_LIBRARIES = YES;
				ALWAYS_SEARCH_USER_PATHS = NO;
				CLANG_ANALYZER_LOCALIZABILITY_NONLOCALIZED = YES;
				CLANG_ANALYZER_NONNULL = YES;
				CLANG_ANALYZER_NUMBER_OBJECT_CONVERSION = YES_AGGRESSIVE;
				CLANG_CXX_LANGUAGE_STANDARD = "gnu++20";
				CLANG_ENABLE_MODULES = YES;
				CLANG_ENABLE_OBJC_ARC = YES;
				CLANG_ENABLE_OBJC_WEAK = YES;
				CLANG_WARN_BLOCK_CAPTURE_AUTORELEASING = YES;
				CLANG_WARN_BOOL_CONVERSION = YES;
				CLANG_WARN_COMMA = YES;
				CLANG_WARN_CONSTANT_CONVERSION = YES;
				CLANG_WARN_DEPRECATED_OBJC_IMPLEMENTATIONS = YES;
				CLANG_WARN_DIRECT_OBJC_ISA_USAGE = YES_ERROR;
				CLANG_WARN_DOCUMENTATION_COMMENTS = YES;
				CLANG_WARN_EMPTY_BODY = YES;
				CLANG_WARN_ENUM_CONVERSION = YES;
				CLANG_WARN_INFINITE_RECURSION = YES;
				CLANG_WARN_INT_CONVERSION = YES;
				CLANG_WARN_NON_LITERAL_NULL_CONVERSION = YES;
				CLANG_WARN_OBJC_IMPLICIT_RETAIN_SELF = YES;
				CLANG_WARN_OBJC_LITERAL_CONVERSION = YES;
				CLANG_WARN_OBJC_ROOT_CLASS = YES_ERROR;
				CLANG_WARN_QUOTED_INCLUDE_IN_FRAMEWORK_HEADER = YES;
				CLANG_WARN_RANGE_LOOP_ANALYSIS = YES;
				CLANG_WARN_STRICT_PROTOTYPES = YES;
				CLANG_WARN_SUSPICIOUS_MOVE = YES;
				CLANG_WARN_UNGUARDED_AVAILABILITY = YES_AGGRESSIVE;
				CLANG_WARN_UNREACHABLE_CODE = YES;
				CLANG_WARN__DUPLICATE_METHOD_MATCH = YES;
				COPY_PHASE_STRIP = NO;
				DEBUG_INFORMATION_FORMAT = "dwarf-with-dsym";
				ENABLE_NS_ASSERTIONS = NO;
				ENABLE_STRICT_OBJC_MSGSEND = YES;
				GCC_C_LANGUAGE_STANDARD = gnu11;
				GCC_NO_COMMON_BLOCKS = YES;
				GCC_WARN_64_TO_32_BIT_CONVERSION = YES;
				GCC_WARN_ABOUT_RETURN_TYPE = YES_ERROR;
				GCC_WARN_UNDECLARED_SELECTOR = YES;
				GCC_WARN_UNINITIALIZED_AUTOS = YES_AGGRESSIVE;
				GCC_WARN_UNUSED_FUNCTION = YES;
				GCC_WARN_UNUSED_VARIABLE = YES;
				IPHONEOS_DEPLOYMENT_TARGET = 16.1;
				MTL_ENABLE_DEBUG_INFO = NO;
				MTL_FAST_MATH = YES;
				SDKROOT = iphoneos;
				SWIFT_COMPILATION_MODE = wholemodule;
				SWIFT_OPTIMIZATION_LEVEL = "-O";
				VALIDATE_PRODUCT = YES;
			};
			name = Release;
		};
		57D7AE492943D83D00EAEAB5 /* Debug */ = {
			isa = XCBuildConfiguration;
			buildSettings = {
				ASSETCATALOG_COMPILER_APPICON_NAME = AppIcon;
				ASSETCATALOG_COMPILER_GLOBAL_ACCENT_COLOR_NAME = AccentColor;
				CODE_SIGN_STYLE = Automatic;
				CURRENT_PROJECT_VERSION = 1;
				DEVELOPMENT_TEAM = 54SLGA23R8;
				GENERATE_INFOPLIST_FILE = YES;
				INFOPLIST_FILE = Dollani/Info.plist;
				INFOPLIST_KEY_UIApplicationSupportsIndirectInputEvents = YES;
				INFOPLIST_KEY_UILaunchStoryboardName = LaunchScreen;
				INFOPLIST_KEY_UIMainStoryboardFile = Main;
				INFOPLIST_KEY_UISupportedInterfaceOrientations_iPad = "UIInterfaceOrientationPortrait UIInterfaceOrientationPortraitUpsideDown UIInterfaceOrientationLandscapeLeft UIInterfaceOrientationLandscapeRight";
				INFOPLIST_KEY_UISupportedInterfaceOrientations_iPhone = "UIInterfaceOrientationPortrait UIInterfaceOrientationLandscapeLeft UIInterfaceOrientationLandscapeRight";
				LD_RUNPATH_SEARCH_PATHS = (
					"$(inherited)",
					"@executable_path/Frameworks",
				);
				MARKETING_VERSION = 1.0;
				PRODUCT_BUNDLE_IDENTIFIER = com.Dollani.Dollani2;
				PRODUCT_NAME = "$(TARGET_NAME)";
				SWIFT_EMIT_LOC_STRINGS = YES;
				SWIFT_VERSION = 5.0;
				TARGETED_DEVICE_FAMILY = "1,2";
			};
			name = Debug;
		};
		57D7AE4A2943D83D00EAEAB5 /* Release */ = {
			isa = XCBuildConfiguration;
			buildSettings = {
				ASSETCATALOG_COMPILER_APPICON_NAME = AppIcon;
				ASSETCATALOG_COMPILER_GLOBAL_ACCENT_COLOR_NAME = AccentColor;
				CODE_SIGN_STYLE = Automatic;
				CURRENT_PROJECT_VERSION = 1;
				DEVELOPMENT_TEAM = 54SLGA23R8;
				GENERATE_INFOPLIST_FILE = YES;
				INFOPLIST_FILE = Dollani/Info.plist;
				INFOPLIST_KEY_UIApplicationSupportsIndirectInputEvents = YES;
				INFOPLIST_KEY_UILaunchStoryboardName = LaunchScreen;
				INFOPLIST_KEY_UIMainStoryboardFile = Main;
				INFOPLIST_KEY_UISupportedInterfaceOrientations_iPad = "UIInterfaceOrientationPortrait UIInterfaceOrientationPortraitUpsideDown UIInterfaceOrientationLandscapeLeft UIInterfaceOrientationLandscapeRight";
				INFOPLIST_KEY_UISupportedInterfaceOrientations_iPhone = "UIInterfaceOrientationPortrait UIInterfaceOrientationLandscapeLeft UIInterfaceOrientationLandscapeRight";
				LD_RUNPATH_SEARCH_PATHS = (
					"$(inherited)",
					"@executable_path/Frameworks",
				);
				MARKETING_VERSION = 1.0;
				PRODUCT_BUNDLE_IDENTIFIER = com.Dollani.Dollani2;
				PRODUCT_NAME = "$(TARGET_NAME)";
				SWIFT_EMIT_LOC_STRINGS = YES;
				SWIFT_VERSION = 5.0;
				TARGETED_DEVICE_FAMILY = "1,2";
			};
			name = Release;
		};
		57D7AE4C2943D83D00EAEAB5 /* Debug */ = {
			isa = XCBuildConfiguration;
			buildSettings = {
				ALWAYS_EMBED_SWIFT_STANDARD_LIBRARIES = YES;
				BUNDLE_LOADER = "$(TEST_HOST)";
				CODE_SIGN_STYLE = Automatic;
				CURRENT_PROJECT_VERSION = 1;
				DEVELOPMENT_TEAM = 54SLGA23R8;
				GENERATE_INFOPLIST_FILE = YES;
				IPHONEOS_DEPLOYMENT_TARGET = 16.1;
				MARKETING_VERSION = 1.0;
				PRODUCT_BUNDLE_IDENTIFIER = com.Dollani.DollaniTests;
				PRODUCT_NAME = "$(TARGET_NAME)";
				SWIFT_EMIT_LOC_STRINGS = NO;
				SWIFT_VERSION = 5.0;
				TARGETED_DEVICE_FAMILY = "1,2";
				TEST_HOST = "$(BUILT_PRODUCTS_DIR)/Dollani.app/$(BUNDLE_EXECUTABLE_FOLDER_PATH)/Dollani";
			};
			name = Debug;
		};
		57D7AE4D2943D83D00EAEAB5 /* Release */ = {
			isa = XCBuildConfiguration;
			buildSettings = {
				ALWAYS_EMBED_SWIFT_STANDARD_LIBRARIES = YES;
				BUNDLE_LOADER = "$(TEST_HOST)";
				CODE_SIGN_STYLE = Automatic;
				CURRENT_PROJECT_VERSION = 1;
				DEVELOPMENT_TEAM = 54SLGA23R8;
				GENERATE_INFOPLIST_FILE = YES;
				IPHONEOS_DEPLOYMENT_TARGET = 16.1;
				MARKETING_VERSION = 1.0;
				PRODUCT_BUNDLE_IDENTIFIER = com.Dollani.DollaniTests;
				PRODUCT_NAME = "$(TARGET_NAME)";
				SWIFT_EMIT_LOC_STRINGS = NO;
				SWIFT_VERSION = 5.0;
				TARGETED_DEVICE_FAMILY = "1,2";
				TEST_HOST = "$(BUILT_PRODUCTS_DIR)/Dollani.app/$(BUNDLE_EXECUTABLE_FOLDER_PATH)/Dollani";
			};
			name = Release;
		};
		57D7AE4F2943D83D00EAEAB5 /* Debug */ = {
			isa = XCBuildConfiguration;
			buildSettings = {
				ALWAYS_EMBED_SWIFT_STANDARD_LIBRARIES = YES;
				CODE_SIGN_STYLE = Automatic;
				CURRENT_PROJECT_VERSION = 1;
				DEVELOPMENT_TEAM = 54SLGA23R8;
				GENERATE_INFOPLIST_FILE = YES;
				MARKETING_VERSION = 1.0;
				PRODUCT_BUNDLE_IDENTIFIER = com.Dollani.DollaniUITests;
				PRODUCT_NAME = "$(TARGET_NAME)";
				SWIFT_EMIT_LOC_STRINGS = NO;
				SWIFT_VERSION = 5.0;
				TARGETED_DEVICE_FAMILY = "1,2";
				TEST_TARGET_NAME = Dollani;
			};
			name = Debug;
		};
		57D7AE502943D83D00EAEAB5 /* Release */ = {
			isa = XCBuildConfiguration;
			buildSettings = {
				ALWAYS_EMBED_SWIFT_STANDARD_LIBRARIES = YES;
				CODE_SIGN_STYLE = Automatic;
				CURRENT_PROJECT_VERSION = 1;
				DEVELOPMENT_TEAM = 54SLGA23R8;
				GENERATE_INFOPLIST_FILE = YES;
				MARKETING_VERSION = 1.0;
				PRODUCT_BUNDLE_IDENTIFIER = com.Dollani.DollaniUITests;
				PRODUCT_NAME = "$(TARGET_NAME)";
				SWIFT_EMIT_LOC_STRINGS = NO;
				SWIFT_VERSION = 5.0;
				TARGETED_DEVICE_FAMILY = "1,2";
				TEST_TARGET_NAME = Dollani;
			};
			name = Release;
		};
/* End XCBuildConfiguration section */

/* Begin XCConfigurationList section */
		57D7AE192943D83B00EAEAB5 /* Build configuration list for PBXProject "Dollani" */ = {
			isa = XCConfigurationList;
			buildConfigurations = (
				57D7AE462943D83D00EAEAB5 /* Debug */,
				57D7AE472943D83D00EAEAB5 /* Release */,
			);
			defaultConfigurationIsVisible = 0;
			defaultConfigurationName = Release;
		};
		57D7AE482943D83D00EAEAB5 /* Build configuration list for PBXNativeTarget "Dollani" */ = {
			isa = XCConfigurationList;
			buildConfigurations = (
				57D7AE492943D83D00EAEAB5 /* Debug */,
				57D7AE4A2943D83D00EAEAB5 /* Release */,
			);
			defaultConfigurationIsVisible = 0;
			defaultConfigurationName = Release;
		};
		57D7AE4B2943D83D00EAEAB5 /* Build configuration list for PBXNativeTarget "DollaniTests" */ = {
			isa = XCConfigurationList;
			buildConfigurations = (
				57D7AE4C2943D83D00EAEAB5 /* Debug */,
				57D7AE4D2943D83D00EAEAB5 /* Release */,
			);
			defaultConfigurationIsVisible = 0;
			defaultConfigurationName = Release;
		};
		57D7AE4E2943D83D00EAEAB5 /* Build configuration list for PBXNativeTarget "DollaniUITests" */ = {
			isa = XCConfigurationList;
			buildConfigurations = (
				57D7AE4F2943D83D00EAEAB5 /* Debug */,
				57D7AE502943D83D00EAEAB5 /* Release */,
			);
			defaultConfigurationIsVisible = 0;
			defaultConfigurationName = Release;
		};
/* End XCConfigurationList section */

/* Begin XCRemoteSwiftPackageReference section */
		57E8D22429454FE600B26DDC /* XCRemoteSwiftPackageReference "firebase-ios-sdk" */ = {
			isa = XCRemoteSwiftPackageReference;
			repositoryURL = "https://github.com/firebase/firebase-ios-sdk";
			requirement = {
				branch = master;
				kind = branch;
			};
		};
/* End XCRemoteSwiftPackageReference section */

/* Begin XCSwiftPackageProductDependency section */
		57E8D22529454FE600B26DDC /* FirebaseAuth */ = {
			isa = XCSwiftPackageProductDependency;
			package = 57E8D22429454FE600B26DDC /* XCRemoteSwiftPackageReference "firebase-ios-sdk" */;
			productName = FirebaseAuth;
		};
		57E8D22729454FE600B26DDC /* FirebaseDatabase */ = {
			isa = XCSwiftPackageProductDependency;
			package = 57E8D22429454FE600B26DDC /* XCRemoteSwiftPackageReference "firebase-ios-sdk" */;
			productName = FirebaseDatabase;
		};
		57E8D22929454FE600B26DDC /* FirebaseDatabaseSwift */ = {
			isa = XCSwiftPackageProductDependency;
			package = 57E8D22429454FE600B26DDC /* XCRemoteSwiftPackageReference "firebase-ios-sdk" */;
			productName = FirebaseDatabaseSwift;
		};
		57E8D22B29454FE600B26DDC /* FirebaseFirestore */ = {
			isa = XCSwiftPackageProductDependency;
			package = 57E8D22429454FE600B26DDC /* XCRemoteSwiftPackageReference "firebase-ios-sdk" */;
			productName = FirebaseFirestore;
		};
		57E8D22D29454FE600B26DDC /* FirebaseFirestoreSwift */ = {
			isa = XCSwiftPackageProductDependency;
			package = 57E8D22429454FE600B26DDC /* XCRemoteSwiftPackageReference "firebase-ios-sdk" */;
			productName = FirebaseFirestoreSwift;
		};
		57E8D22F29454FE600B26DDC /* FirebaseFunctions */ = {
			isa = XCSwiftPackageProductDependency;
			package = 57E8D22429454FE600B26DDC /* XCRemoteSwiftPackageReference "firebase-ios-sdk" */;
			productName = FirebaseFunctions;
		};
		57E8D23129454FE600B26DDC /* FirebaseMessaging */ = {
			isa = XCSwiftPackageProductDependency;
			package = 57E8D22429454FE600B26DDC /* XCRemoteSwiftPackageReference "firebase-ios-sdk" */;
			productName = FirebaseMessaging;
		};
		57E8D23329454FE600B26DDC /* FirebaseStorage */ = {
			isa = XCSwiftPackageProductDependency;
			package = 57E8D22429454FE600B26DDC /* XCRemoteSwiftPackageReference "firebase-ios-sdk" */;
			productName = FirebaseStorage;
		};
/* End XCSwiftPackageProductDependency section */
	};
	rootObject = 57D7AE162943D83B00EAEAB5 /* Project object */;
}
